// !$*UTF8*$!
{
	archiveVersion = 1;
	classes = {
	};
	objectVersion = 56;
	objects = {

/* Begin PBXBuildFile section */
		2212650F2DDBBA4800FA5D5D /* HeaderCollectionReusableView.swift in Sources */ = {isa = PBXBuildFile; fileRef = 2212650D2DDBBA4800FA5D5D /* HeaderCollectionReusableView.swift */; };
		221265102DDBBA4800FA5D5D /* HeaderCollectionReusableView.xib in Resources */ = {isa = PBXBuildFile; fileRef = 2212650E2DDBBA4800FA5D5D /* HeaderCollectionReusableView.xib */; };
		2218C5D52DD68E67009B3FC4 /* SportsViewController.xib in Resources */ = {isa = PBXBuildFile; fileRef = 2218C5D12DD68E66009B3FC4 /* SportsViewController.xib */; };
		2218C5D62DD68E67009B3FC4 /* SportCollectionViewCell.xib in Resources */ = {isa = PBXBuildFile; fileRef = 2218C5D22DD68E67009B3FC4 /* SportCollectionViewCell.xib */; };
		2218C5D72DD68E67009B3FC4 /* SportsViewController.swift in Sources */ = {isa = PBXBuildFile; fileRef = 2218C5D32DD68E67009B3FC4 /* SportsViewController.swift */; };
		2218C5D82DD68E67009B3FC4 /* SportCollectionViewCell.swift in Sources */ = {isa = PBXBuildFile; fileRef = 2218C5D42DD68E67009B3FC4 /* SportCollectionViewCell.swift */; };
		221C0C2E2DD8D9A3004CC766 /* PlayersScreenViewController.xib in Resources */ = {isa = PBXBuildFile; fileRef = 221C0C262DD8D9A2004CC766 /* PlayersScreenViewController.xib */; };
		221C0C312DD8D9A3004CC766 /* PlayersScreenViewController.swift in Sources */ = {isa = PBXBuildFile; fileRef = 221C0C292DD8D9A2004CC766 /* PlayersScreenViewController.swift */; };
		221C0C322DD8D9A3004CC766 /* PlayersStaticCell.xib in Resources */ = {isa = PBXBuildFile; fileRef = 221C0C2A2DD8D9A2004CC766 /* PlayersStaticCell.xib */; };
		221C0C342DD8D9A3004CC766 /* PlayersStaticCell.swift in Sources */ = {isa = PBXBuildFile; fileRef = 221C0C2C2DD8D9A3004CC766 /* PlayersStaticCell.swift */; };
		221C0C372DD8DA05004CC766 /* TeamDetailsPresenter.swift in Sources */ = {isa = PBXBuildFile; fileRef = 221C0C362DD8DA05004CC766 /* TeamDetailsPresenter.swift */; };
		221C0C3A2DD8DADE004CC766 /* TeamResponse.swift in Sources */ = {isa = PBXBuildFile; fileRef = 221C0C392DD8DADE004CC766 /* TeamResponse.swift */; };
		221C0C3C2DD8DB29004CC766 /* TeamDetails.swift in Sources */ = {isa = PBXBuildFile; fileRef = 221C0C3B2DD8DB29004CC766 /* TeamDetails.swift */; };
		221C0C3E2DD8DD66004CC766 /* Coach.swift in Sources */ = {isa = PBXBuildFile; fileRef = 221C0C3D2DD8DD66004CC766 /* Coach.swift */; };
		221C0C402DD8DDD9004CC766 /* Player.swift in Sources */ = {isa = PBXBuildFile; fileRef = 221C0C3F2DD8DDD9004CC766 /* Player.swift */; };
		222213DA2DDA6BD200BA0B35 /* Reachability in Frameworks */ = {isa = PBXBuildFile; productRef = 222213D92DDA6BD200BA0B35 /* Reachability */; };
		228410652DD7A4B100003DC4 /* TeamsCollectionViewCell.xib in Resources */ = {isa = PBXBuildFile; fileRef = 2284105F2DD7A4B000003DC4 /* TeamsCollectionViewCell.xib */; };
		228410662DD7A4B100003DC4 /* EventsViewController.swift in Sources */ = {isa = PBXBuildFile; fileRef = 228410602DD7A4B000003DC4 /* EventsViewController.swift */; };
		228410672DD7A4B100003DC4 /* EventCollectionViewCell.xib in Resources */ = {isa = PBXBuildFile; fileRef = 228410612DD7A4B100003DC4 /* EventCollectionViewCell.xib */; };
		228410682DD7A4B100003DC4 /* EventsViewController.xib in Resources */ = {isa = PBXBuildFile; fileRef = 228410622DD7A4B100003DC4 /* EventsViewController.xib */; };
		228410692DD7A4B100003DC4 /* TeamsCollectionViewCell.swift in Sources */ = {isa = PBXBuildFile; fileRef = 228410632DD7A4B100003DC4 /* TeamsCollectionViewCell.swift */; };
		2284106A2DD7A4B100003DC4 /* EventCollectionViewCell.swift in Sources */ = {isa = PBXBuildFile; fileRef = 228410642DD7A4B100003DC4 /* EventCollectionViewCell.swift */; };
		2284106F2DD7A65B00003DC4 /* LeaguesDetailsPresenter.swift in Sources */ = {isa = PBXBuildFile; fileRef = 2284106E2DD7A65B00003DC4 /* LeaguesDetailsPresenter.swift */; };
		228410722DD7A87A00003DC4 /* Event.swift in Sources */ = {isa = PBXBuildFile; fileRef = 228410712DD7A87A00003DC4 /* Event.swift */; };
		228410742DD7ABA600003DC4 /* EventRespose.swift in Sources */ = {isa = PBXBuildFile; fileRef = 228410732DD7ABA600003DC4 /* EventRespose.swift */; };
		228410762DD7CEBC00003DC4 /* Team.swift in Sources */ = {isa = PBXBuildFile; fileRef = 228410752DD7CEBC00003DC4 /* Team.swift */; };
		22A7A33A2DDA3852006DEAC5 /* FavouriteLeagues.swift in Sources */ = {isa = PBXBuildFile; fileRef = 22A7A3392DDA3852006DEAC5 /* FavouriteLeagues.swift */; };
		22A7A33D2DDA38FB006DEAC5 /* FavouritesDB.swift in Sources */ = {isa = PBXBuildFile; fileRef = 22A7A33C2DDA38FB006DEAC5 /* FavouritesDB.swift */; };
		22A7A34E2DDA49DA006DEAC5 /* FavouritesTableViewCell.swift in Sources */ = {isa = PBXBuildFile; fileRef = 22A7A34C2DDA49DA006DEAC5 /* FavouritesTableViewCell.swift */; };
		22A7A34F2DDA49DA006DEAC5 /* FavouritesTableViewCell.xib in Resources */ = {isa = PBXBuildFile; fileRef = 22A7A34D2DDA49DA006DEAC5 /* FavouritesTableViewCell.xib */; };
		22A7A3562DDA4C19006DEAC5 /* FavTableViewController.swift in Sources */ = {isa = PBXBuildFile; fileRef = 22A7A3542DDA4C19006DEAC5 /* FavTableViewController.swift */; };
		22A7A3572DDA4C19006DEAC5 /* FavTableViewController.xib in Resources */ = {isa = PBXBuildFile; fileRef = 22A7A3552DDA4C19006DEAC5 /* FavTableViewController.xib */; };
		22A7A35A2DDA4CCF006DEAC5 /* FavouritesPresenter.swift in Sources */ = {isa = PBXBuildFile; fileRef = 22A7A3592DDA4CCF006DEAC5 /* FavouritesPresenter.swift */; };
		22A8BD8A2DD3AF5600F5920D /* AppDelegate.swift in Sources */ = {isa = PBXBuildFile; fileRef = 22A8BD892DD3AF5600F5920D /* AppDelegate.swift */; };
		22A8BD8C2DD3AF5600F5920D /* SceneDelegate.swift in Sources */ = {isa = PBXBuildFile; fileRef = 22A8BD8B2DD3AF5600F5920D /* SceneDelegate.swift */; };
		22A8BD942DD3AF5600F5920D /* Sports.xcdatamodeld in Sources */ = {isa = PBXBuildFile; fileRef = 22A8BD922DD3AF5600F5920D /* Sports.xcdatamodeld */; };
		22A8BD962DD3AF5700F5920D /* Assets.xcassets in Resources */ = {isa = PBXBuildFile; fileRef = 22A8BD952DD3AF5700F5920D /* Assets.xcassets */; };
		22A8BD992DD3AF5700F5920D /* LaunchScreen.storyboard in Resources */ = {isa = PBXBuildFile; fileRef = 22A8BD972DD3AF5700F5920D /* LaunchScreen.storyboard */; };
		22C3C2CC2DDF9D4B00789A1E /* NetworkProtocol.swift in Sources */ = {isa = PBXBuildFile; fileRef = 22C3C2CB2DDF9D4B00789A1E /* NetworkProtocol.swift */; };
		22E7F9752DDC66DE00ACAA21 /* LeagueTeamsResponse.swift in Sources */ = {isa = PBXBuildFile; fileRef = 22E7F9742DDC66DE00ACAA21 /* LeagueTeamsResponse.swift */; };
		22E7F9772DDC6C0B00ACAA21 /* LeagueTeams.swift in Sources */ = {isa = PBXBuildFile; fileRef = 22E7F9762DDC6C0B00ACAA21 /* LeagueTeams.swift */; };
		22ED396B2DD6310400EB0564 /* LeaguesViewController.swift in Sources */ = {isa = PBXBuildFile; fileRef = 22ED39692DD6310400EB0564 /* LeaguesViewController.swift */; };
		22ED396C2DD6310400EB0564 /* LeaguesViewController.xib in Resources */ = {isa = PBXBuildFile; fileRef = 22ED396A2DD6310400EB0564 /* LeaguesViewController.xib */; };
		22ED396E2DD63BDC00EB0564 /* Main.storyboard in Resources */ = {isa = PBXBuildFile; fileRef = 22ED396D2DD63BDC00EB0564 /* Main.storyboard */; };
		22ED39702DD6483A00EB0564 /* ViewController.swift in Sources */ = {isa = PBXBuildFile; fileRef = 22ED396F2DD6483A00EB0564 /* ViewController.swift */; };
		22ED397D2DD6758900EB0564 /* SDWebImage in Frameworks */ = {isa = PBXBuildFile; productRef = 22ED397C2DD6758900EB0564 /* SDWebImage */; };
		22ED397F2DD6758900EB0564 /* SDWebImageMapKit in Frameworks */ = {isa = PBXBuildFile; productRef = 22ED397E2DD6758900EB0564 /* SDWebImageMapKit */; };
		22F464882DD514D2009D7625 /* Config.swift in Sources */ = {isa = PBXBuildFile; fileRef = 22F464872DD514D2009D7625 /* Config.swift */; };
		22F464932DD5244D009D7625 /* Alamofire in Frameworks */ = {isa = PBXBuildFile; productRef = 22F464922DD5244D009D7625 /* Alamofire */; };
		22F464952DD5244D009D7625 /* AlamofireDynamic in Frameworks */ = {isa = PBXBuildFile; productRef = 22F464942DD5244D009D7625 /* AlamofireDynamic */; };
		22F464972DD52553009D7625 /* LeaguesPresenter.swift in Sources */ = {isa = PBXBuildFile; fileRef = 22F464962DD52553009D7625 /* LeaguesPresenter.swift */; };
		22F4649A2DD525D5009D7625 /* Leagues.swift in Sources */ = {isa = PBXBuildFile; fileRef = 22F464992DD525D5009D7625 /* Leagues.swift */; };
		22F4649C2DD52613009D7625 /* LeaguesResponse.swift in Sources */ = {isa = PBXBuildFile; fileRef = 22F4649B2DD52613009D7625 /* LeaguesResponse.swift */; };
		22F464A02DD52BAA009D7625 /* Network.swift in Sources */ = {isa = PBXBuildFile; fileRef = 22F4649F2DD52BAA009D7625 /* Network.swift */; };
		22F464A52DD55635009D7625 /* LeaguesViewCell.swift in Sources */ = {isa = PBXBuildFile; fileRef = 22F464A32DD55635009D7625 /* LeaguesViewCell.swift */; };
		22F464A62DD55635009D7625 /* LeaguesViewCell.xib in Resources */ = {isa = PBXBuildFile; fileRef = 22F464A42DD55635009D7625 /* LeaguesViewCell.xib */; };
		22FF79072DDE2C300069AFA0 /* onBoardingScreenTwo.xib in Resources */ = {isa = PBXBuildFile; fileRef = 22FF79002DDE2C2F0069AFA0 /* onBoardingScreenTwo.xib */; };
		22FF79082DDE2C300069AFA0 /* onBoardingScreenTwo.swift in Sources */ = {isa = PBXBuildFile; fileRef = 22FF79012DDE2C2F0069AFA0 /* onBoardingScreenTwo.swift */; };
		22FF79092DDE2C300069AFA0 /* onBoardingScreenOne.xib in Resources */ = {isa = PBXBuildFile; fileRef = 22FF79022DDE2C2F0069AFA0 /* onBoardingScreenOne.xib */; };
		22FF790A2DDE2C300069AFA0 /* onBoardingScreenThree.swift in Sources */ = {isa = PBXBuildFile; fileRef = 22FF79032DDE2C300069AFA0 /* onBoardingScreenThree.swift */; };
		22FF790B2DDE2C300069AFA0 /* onBoardingScreenThree.xib in Resources */ = {isa = PBXBuildFile; fileRef = 22FF79042DDE2C300069AFA0 /* onBoardingScreenThree.xib */; };
		22FF790C2DDE2C300069AFA0 /* onBoardingScreenOne.swift in Sources */ = {isa = PBXBuildFile; fileRef = 22FF79052DDE2C300069AFA0 /* onBoardingScreenOne.swift */; };
		22FF790D2DDE2C300069AFA0 /* OnBoardingContainerViewController.swift in Sources */ = {isa = PBXBuildFile; fileRef = 22FF79062DDE2C300069AFA0 /* OnBoardingContainerViewController.swift */; };
		22FF79122DDE2C630069AFA0 /* SplashScreenViewController.xib in Resources */ = {isa = PBXBuildFile; fileRef = 22FF790F2DDE2C620069AFA0 /* SplashScreenViewController.xib */; };
		22FF79132DDE2C630069AFA0 /* Animation.json in Resources */ = {isa = PBXBuildFile; fileRef = 22FF79102DDE2C620069AFA0 /* Animation.json */; };
		22FF79142DDE2C630069AFA0 /* SplashScreenViewController.swift in Sources */ = {isa = PBXBuildFile; fileRef = 22FF79112DDE2C630069AFA0 /* SplashScreenViewController.swift */; };
		22FF79172DDE2D3A0069AFA0 /* Lottie in Frameworks */ = {isa = PBXBuildFile; productRef = 22FF79162DDE2D3A0069AFA0 /* Lottie */; };
/* End PBXBuildFile section */

/* Begin PBXFileReference section */
		2212650D2DDBBA4800FA5D5D /* HeaderCollectionReusableView.swift */ = {isa = PBXFileReference; lastKnownFileType = sourcecode.swift; path = HeaderCollectionReusableView.swift; sourceTree = "<group>"; };
		2212650E2DDBBA4800FA5D5D /* HeaderCollectionReusableView.xib */ = {isa = PBXFileReference; lastKnownFileType = file.xib; path = HeaderCollectionReusableView.xib; sourceTree = "<group>"; };
		2218C5D12DD68E66009B3FC4 /* SportsViewController.xib */ = {isa = PBXFileReference; fileEncoding = 4; lastKnownFileType = file.xib; path = SportsViewController.xib; sourceTree = "<group>"; };
		2218C5D22DD68E67009B3FC4 /* SportCollectionViewCell.xib */ = {isa = PBXFileReference; fileEncoding = 4; lastKnownFileType = file.xib; path = SportCollectionViewCell.xib; sourceTree = "<group>"; };
		2218C5D32DD68E67009B3FC4 /* SportsViewController.swift */ = {isa = PBXFileReference; fileEncoding = 4; lastKnownFileType = sourcecode.swift; path = SportsViewController.swift; sourceTree = "<group>"; };
		2218C5D42DD68E67009B3FC4 /* SportCollectionViewCell.swift */ = {isa = PBXFileReference; fileEncoding = 4; lastKnownFileType = sourcecode.swift; path = SportCollectionViewCell.swift; sourceTree = "<group>"; };
		221C0C262DD8D9A2004CC766 /* PlayersScreenViewController.xib */ = {isa = PBXFileReference; fileEncoding = 4; lastKnownFileType = file.xib; path = PlayersScreenViewController.xib; sourceTree = "<group>"; };
		221C0C292DD8D9A2004CC766 /* PlayersScreenViewController.swift */ = {isa = PBXFileReference; fileEncoding = 4; lastKnownFileType = sourcecode.swift; path = PlayersScreenViewController.swift; sourceTree = "<group>"; };
		221C0C2A2DD8D9A2004CC766 /* PlayersStaticCell.xib */ = {isa = PBXFileReference; fileEncoding = 4; lastKnownFileType = file.xib; path = PlayersStaticCell.xib; sourceTree = "<group>"; };
		221C0C2C2DD8D9A3004CC766 /* PlayersStaticCell.swift */ = {isa = PBXFileReference; fileEncoding = 4; lastKnownFileType = sourcecode.swift; path = PlayersStaticCell.swift; sourceTree = "<group>"; };
		221C0C362DD8DA05004CC766 /* TeamDetailsPresenter.swift */ = {isa = PBXFileReference; lastKnownFileType = sourcecode.swift; path = TeamDetailsPresenter.swift; sourceTree = "<group>"; };
		221C0C392DD8DADE004CC766 /* TeamResponse.swift */ = {isa = PBXFileReference; lastKnownFileType = sourcecode.swift; path = TeamResponse.swift; sourceTree = "<group>"; };
		221C0C3B2DD8DB29004CC766 /* TeamDetails.swift */ = {isa = PBXFileReference; lastKnownFileType = sourcecode.swift; path = TeamDetails.swift; sourceTree = "<group>"; };
		221C0C3D2DD8DD66004CC766 /* Coach.swift */ = {isa = PBXFileReference; lastKnownFileType = sourcecode.swift; path = Coach.swift; sourceTree = "<group>"; };
		221C0C3F2DD8DDD9004CC766 /* Player.swift */ = {isa = PBXFileReference; lastKnownFileType = sourcecode.swift; path = Player.swift; sourceTree = "<group>"; };
		2284105F2DD7A4B000003DC4 /* TeamsCollectionViewCell.xib */ = {isa = PBXFileReference; fileEncoding = 4; lastKnownFileType = file.xib; path = TeamsCollectionViewCell.xib; sourceTree = "<group>"; };
		228410602DD7A4B000003DC4 /* EventsViewController.swift */ = {isa = PBXFileReference; fileEncoding = 4; lastKnownFileType = sourcecode.swift; path = EventsViewController.swift; sourceTree = "<group>"; };
		228410612DD7A4B100003DC4 /* EventCollectionViewCell.xib */ = {isa = PBXFileReference; fileEncoding = 4; lastKnownFileType = file.xib; path = EventCollectionViewCell.xib; sourceTree = "<group>"; };
		228410622DD7A4B100003DC4 /* EventsViewController.xib */ = {isa = PBXFileReference; fileEncoding = 4; lastKnownFileType = file.xib; path = EventsViewController.xib; sourceTree = "<group>"; };
		228410632DD7A4B100003DC4 /* TeamsCollectionViewCell.swift */ = {isa = PBXFileReference; fileEncoding = 4; lastKnownFileType = sourcecode.swift; path = TeamsCollectionViewCell.swift; sourceTree = "<group>"; };
		228410642DD7A4B100003DC4 /* EventCollectionViewCell.swift */ = {isa = PBXFileReference; fileEncoding = 4; lastKnownFileType = sourcecode.swift; path = EventCollectionViewCell.swift; sourceTree = "<group>"; };
		2284106E2DD7A65B00003DC4 /* LeaguesDetailsPresenter.swift */ = {isa = PBXFileReference; lastKnownFileType = sourcecode.swift; path = LeaguesDetailsPresenter.swift; sourceTree = "<group>"; };
		228410712DD7A87A00003DC4 /* Event.swift */ = {isa = PBXFileReference; lastKnownFileType = sourcecode.swift; path = Event.swift; sourceTree = "<group>"; };
		228410732DD7ABA600003DC4 /* EventRespose.swift */ = {isa = PBXFileReference; lastKnownFileType = sourcecode.swift; path = EventRespose.swift; sourceTree = "<group>"; };
		228410752DD7CEBC00003DC4 /* Team.swift */ = {isa = PBXFileReference; lastKnownFileType = sourcecode.swift; path = Team.swift; sourceTree = "<group>"; };
		22A7A3392DDA3852006DEAC5 /* FavouriteLeagues.swift */ = {isa = PBXFileReference; lastKnownFileType = sourcecode.swift; path = FavouriteLeagues.swift; sourceTree = "<group>"; };
		22A7A33C2DDA38FB006DEAC5 /* FavouritesDB.swift */ = {isa = PBXFileReference; lastKnownFileType = sourcecode.swift; path = FavouritesDB.swift; sourceTree = "<group>"; };
		22A7A34C2DDA49DA006DEAC5 /* FavouritesTableViewCell.swift */ = {isa = PBXFileReference; lastKnownFileType = sourcecode.swift; path = FavouritesTableViewCell.swift; sourceTree = "<group>"; };
		22A7A34D2DDA49DA006DEAC5 /* FavouritesTableViewCell.xib */ = {isa = PBXFileReference; lastKnownFileType = file.xib; path = FavouritesTableViewCell.xib; sourceTree = "<group>"; };
		22A7A3542DDA4C19006DEAC5 /* FavTableViewController.swift */ = {isa = PBXFileReference; lastKnownFileType = sourcecode.swift; path = FavTableViewController.swift; sourceTree = "<group>"; };
		22A7A3552DDA4C19006DEAC5 /* FavTableViewController.xib */ = {isa = PBXFileReference; lastKnownFileType = file.xib; path = FavTableViewController.xib; sourceTree = "<group>"; };
		22A7A3592DDA4CCF006DEAC5 /* FavouritesPresenter.swift */ = {isa = PBXFileReference; lastKnownFileType = sourcecode.swift; path = FavouritesPresenter.swift; sourceTree = "<group>"; };
		22A8BD862DD3AF5600F5920D /* Sports.app */ = {isa = PBXFileReference; explicitFileType = wrapper.application; includeInIndex = 0; path = Sports.app; sourceTree = BUILT_PRODUCTS_DIR; };
		22A8BD892DD3AF5600F5920D /* AppDelegate.swift */ = {isa = PBXFileReference; lastKnownFileType = sourcecode.swift; path = AppDelegate.swift; sourceTree = "<group>"; };
		22A8BD8B2DD3AF5600F5920D /* SceneDelegate.swift */ = {isa = PBXFileReference; lastKnownFileType = sourcecode.swift; path = SceneDelegate.swift; sourceTree = "<group>"; };
		22A8BD932DD3AF5600F5920D /* Sports.xcdatamodel */ = {isa = PBXFileReference; lastKnownFileType = wrapper.xcdatamodel; path = Sports.xcdatamodel; sourceTree = "<group>"; };
		22A8BD952DD3AF5700F5920D /* Assets.xcassets */ = {isa = PBXFileReference; lastKnownFileType = folder.assetcatalog; path = Assets.xcassets; sourceTree = "<group>"; };
		22A8BD982DD3AF5700F5920D /* Base */ = {isa = PBXFileReference; lastKnownFileType = file.storyboard; name = Base; path = Base.lproj/LaunchScreen.storyboard; sourceTree = "<group>"; };
		22A8BD9A2DD3AF5700F5920D /* Info.plist */ = {isa = PBXFileReference; lastKnownFileType = text.plist.xml; path = Info.plist; sourceTree = "<group>"; };
		22C3C2CB2DDF9D4B00789A1E /* NetworkProtocol.swift */ = {isa = PBXFileReference; lastKnownFileType = sourcecode.swift; path = NetworkProtocol.swift; sourceTree = "<group>"; };
		22E7F9742DDC66DE00ACAA21 /* LeagueTeamsResponse.swift */ = {isa = PBXFileReference; lastKnownFileType = sourcecode.swift; path = LeagueTeamsResponse.swift; sourceTree = "<group>"; };
		22E7F9762DDC6C0B00ACAA21 /* LeagueTeams.swift */ = {isa = PBXFileReference; lastKnownFileType = sourcecode.swift; path = LeagueTeams.swift; sourceTree = "<group>"; };
		22ED39692DD6310400EB0564 /* LeaguesViewController.swift */ = {isa = PBXFileReference; fileEncoding = 4; lastKnownFileType = sourcecode.swift; path = LeaguesViewController.swift; sourceTree = "<group>"; };
		22ED396A2DD6310400EB0564 /* LeaguesViewController.xib */ = {isa = PBXFileReference; fileEncoding = 4; lastKnownFileType = file.xib; path = LeaguesViewController.xib; sourceTree = "<group>"; };
		22ED396D2DD63BDC00EB0564 /* Main.storyboard */ = {isa = PBXFileReference; fileEncoding = 4; lastKnownFileType = file.storyboard; path = Main.storyboard; sourceTree = "<group>"; };
		22ED396F2DD6483A00EB0564 /* ViewController.swift */ = {isa = PBXFileReference; lastKnownFileType = sourcecode.swift; path = ViewController.swift; sourceTree = "<group>"; };
		22F464872DD514D2009D7625 /* Config.swift */ = {isa = PBXFileReference; lastKnownFileType = sourcecode.swift; path = Config.swift; sourceTree = "<group>"; };
		22F464962DD52553009D7625 /* LeaguesPresenter.swift */ = {isa = PBXFileReference; lastKnownFileType = sourcecode.swift; path = LeaguesPresenter.swift; sourceTree = "<group>"; };
		22F464992DD525D5009D7625 /* Leagues.swift */ = {isa = PBXFileReference; lastKnownFileType = sourcecode.swift; path = Leagues.swift; sourceTree = "<group>"; };
		22F4649B2DD52613009D7625 /* LeaguesResponse.swift */ = {isa = PBXFileReference; lastKnownFileType = sourcecode.swift; path = LeaguesResponse.swift; sourceTree = "<group>"; };
		22F4649F2DD52BAA009D7625 /* Network.swift */ = {isa = PBXFileReference; lastKnownFileType = sourcecode.swift; path = Network.swift; sourceTree = "<group>"; };
		22F464A32DD55635009D7625 /* LeaguesViewCell.swift */ = {isa = PBXFileReference; lastKnownFileType = sourcecode.swift; path = LeaguesViewCell.swift; sourceTree = "<group>"; };
		22F464A42DD55635009D7625 /* LeaguesViewCell.xib */ = {isa = PBXFileReference; lastKnownFileType = file.xib; path = LeaguesViewCell.xib; sourceTree = "<group>"; };
		22FF79002DDE2C2F0069AFA0 /* onBoardingScreenTwo.xib */ = {isa = PBXFileReference; fileEncoding = 4; lastKnownFileType = file.xib; path = onBoardingScreenTwo.xib; sourceTree = "<group>"; };
		22FF79012DDE2C2F0069AFA0 /* onBoardingScreenTwo.swift */ = {isa = PBXFileReference; fileEncoding = 4; lastKnownFileType = sourcecode.swift; path = onBoardingScreenTwo.swift; sourceTree = "<group>"; };
		22FF79022DDE2C2F0069AFA0 /* onBoardingScreenOne.xib */ = {isa = PBXFileReference; fileEncoding = 4; lastKnownFileType = file.xib; path = onBoardingScreenOne.xib; sourceTree = "<group>"; };
		22FF79032DDE2C300069AFA0 /* onBoardingScreenThree.swift */ = {isa = PBXFileReference; fileEncoding = 4; lastKnownFileType = sourcecode.swift; path = onBoardingScreenThree.swift; sourceTree = "<group>"; };
		22FF79042DDE2C300069AFA0 /* onBoardingScreenThree.xib */ = {isa = PBXFileReference; fileEncoding = 4; lastKnownFileType = file.xib; path = onBoardingScreenThree.xib; sourceTree = "<group>"; };
		22FF79052DDE2C300069AFA0 /* onBoardingScreenOne.swift */ = {isa = PBXFileReference; fileEncoding = 4; lastKnownFileType = sourcecode.swift; path = onBoardingScreenOne.swift; sourceTree = "<group>"; };
		22FF79062DDE2C300069AFA0 /* OnBoardingContainerViewController.swift */ = {isa = PBXFileReference; fileEncoding = 4; lastKnownFileType = sourcecode.swift; path = OnBoardingContainerViewController.swift; sourceTree = "<group>"; };
		22FF790F2DDE2C620069AFA0 /* SplashScreenViewController.xib */ = {isa = PBXFileReference; fileEncoding = 4; lastKnownFileType = file.xib; path = SplashScreenViewController.xib; sourceTree = "<group>"; };
		22FF79102DDE2C620069AFA0 /* Animation.json */ = {isa = PBXFileReference; fileEncoding = 4; lastKnownFileType = text.json; path = Animation.json; sourceTree = "<group>"; };
		22FF79112DDE2C630069AFA0 /* SplashScreenViewController.swift */ = {isa = PBXFileReference; fileEncoding = 4; lastKnownFileType = sourcecode.swift; path = SplashScreenViewController.swift; sourceTree = "<group>"; };
/* End PBXFileReference section */

/* Begin PBXFrameworksBuildPhase section */
		22A8BD832DD3AF5600F5920D /* Frameworks */ = {
			isa = PBXFrameworksBuildPhase;
			buildActionMask = 2147483647;
			files = (
				22ED397D2DD6758900EB0564 /* SDWebImage in Frameworks */,
				22F464932DD5244D009D7625 /* Alamofire in Frameworks */,
				222213DA2DDA6BD200BA0B35 /* Reachability in Frameworks */,
				22ED397F2DD6758900EB0564 /* SDWebImageMapKit in Frameworks */,
				22F464952DD5244D009D7625 /* AlamofireDynamic in Frameworks */,
				22FF79172DDE2D3A0069AFA0 /* Lottie in Frameworks */,
			);
			runOnlyForDeploymentPostprocessing = 0;
		};
/* End PBXFrameworksBuildPhase section */

/* Begin PBXGroup section */
		2218C5D02DD68E2A009B3FC4 /* SportsScreen */ = {
			isa = PBXGroup;
			children = (
				2218C5D42DD68E67009B3FC4 /* SportCollectionViewCell.swift */,
				2218C5D22DD68E67009B3FC4 /* SportCollectionViewCell.xib */,
				2218C5D32DD68E67009B3FC4 /* SportsViewController.swift */,
				2218C5D12DD68E66009B3FC4 /* SportsViewController.xib */,
			);
			path = SportsScreen;
			sourceTree = "<group>";
		};
		221C0C232DD8D96D004CC766 /* PlayersScreen */ = {
			isa = PBXGroup;
			children = (
				221C0C382DD8DA6B004CC766 /* Model */,
				221C0C352DD8D9CD004CC766 /* Presenter */,
				221C0C242DD8D996004CC766 /* View */,
			);
			path = PlayersScreen;
			sourceTree = "<group>";
		};
		221C0C242DD8D996004CC766 /* View */ = {
			isa = PBXGroup;
			children = (
				221C0C292DD8D9A2004CC766 /* PlayersScreenViewController.swift */,
				221C0C262DD8D9A2004CC766 /* PlayersScreenViewController.xib */,
				221C0C2C2DD8D9A3004CC766 /* PlayersStaticCell.swift */,
				221C0C2A2DD8D9A2004CC766 /* PlayersStaticCell.xib */,
			);
			path = View;
			sourceTree = "<group>";
		};
		221C0C352DD8D9CD004CC766 /* Presenter */ = {
			isa = PBXGroup;
			children = (
				221C0C362DD8DA05004CC766 /* TeamDetailsPresenter.swift */,
			);
			path = Presenter;
			sourceTree = "<group>";
		};
		221C0C382DD8DA6B004CC766 /* Model */ = {
			isa = PBXGroup;
			children = (
				221C0C392DD8DADE004CC766 /* TeamResponse.swift */,
				221C0C3B2DD8DB29004CC766 /* TeamDetails.swift */,
				221C0C3D2DD8DD66004CC766 /* Coach.swift */,
				221C0C3F2DD8DDD9004CC766 /* Player.swift */,
			);
			path = Model;
			sourceTree = "<group>";
		};
		2284106B2DD7A4B700003DC4 /* View */ = {
			isa = PBXGroup;
			children = (
				228410642DD7A4B100003DC4 /* EventCollectionViewCell.swift */,
				228410612DD7A4B100003DC4 /* EventCollectionViewCell.xib */,
				228410602DD7A4B000003DC4 /* EventsViewController.swift */,
				228410622DD7A4B100003DC4 /* EventsViewController.xib */,
				228410632DD7A4B100003DC4 /* TeamsCollectionViewCell.swift */,
				2284105F2DD7A4B000003DC4 /* TeamsCollectionViewCell.xib */,
				2212650D2DDBBA4800FA5D5D /* HeaderCollectionReusableView.swift */,
				2212650E2DDBBA4800FA5D5D /* HeaderCollectionReusableView.xib */,
			);
			path = View;
			sourceTree = "<group>";
		};
		2284106C2DD7A4DA00003DC4 /* View */ = {
			isa = PBXGroup;
			children = (
				22ED39692DD6310400EB0564 /* LeaguesViewController.swift */,
				22ED396A2DD6310400EB0564 /* LeaguesViewController.xib */,
				22F464A32DD55635009D7625 /* LeaguesViewCell.swift */,
				22F464A42DD55635009D7625 /* LeaguesViewCell.xib */,
			);
			path = View;
			sourceTree = "<group>";
		};
		2284106D2DD7A63500003DC4 /* Presenter */ = {
			isa = PBXGroup;
			children = (
				2284106E2DD7A65B00003DC4 /* LeaguesDetailsPresenter.swift */,
			);
			path = Presenter;
			sourceTree = "<group>";
		};
		228410702DD7A86700003DC4 /* Model */ = {
			isa = PBXGroup;
			children = (
				228410712DD7A87A00003DC4 /* Event.swift */,
				228410732DD7ABA600003DC4 /* EventRespose.swift */,
				22E7F9762DDC6C0B00ACAA21 /* LeagueTeams.swift */,
				228410752DD7CEBC00003DC4 /* Team.swift */,
				22E7F9742DDC66DE00ACAA21 /* LeagueTeamsResponse.swift */,
			);
			path = Model;
			sourceTree = "<group>";
		};
		22A7A33B2DDA38D1006DEAC5 /* DB */ = {
			isa = PBXGroup;
			children = (
				22A7A33C2DDA38FB006DEAC5 /* FavouritesDB.swift */,
				22A8BD922DD3AF5600F5920D /* Sports.xcdatamodeld */,
			);
			path = DB;
			sourceTree = "<group>";
		};
		22A7A3452DDA4967006DEAC5 /* Favourite Leagues */ = {
			isa = PBXGroup;
			children = (
				22A7A3582DDA4CAE006DEAC5 /* Presenter */,
				22A7A34A2DDA4995006DEAC5 /* View */,
			);
			path = "Favourite Leagues";
			sourceTree = "<group>";
		};
		22A7A34A2DDA4995006DEAC5 /* View */ = {
			isa = PBXGroup;
			children = (
				22A7A34C2DDA49DA006DEAC5 /* FavouritesTableViewCell.swift */,
				22A7A34D2DDA49DA006DEAC5 /* FavouritesTableViewCell.xib */,
				22A7A3542DDA4C19006DEAC5 /* FavTableViewController.swift */,
				22A7A3552DDA4C19006DEAC5 /* FavTableViewController.xib */,
			);
			path = View;
			sourceTree = "<group>";
		};
		22A7A3582DDA4CAE006DEAC5 /* Presenter */ = {
			isa = PBXGroup;
			children = (
				22A7A3592DDA4CCF006DEAC5 /* FavouritesPresenter.swift */,
			);
			path = Presenter;
			sourceTree = "<group>";
		};
		22A7A35B2DDA5500006DEAC5 /* Utils */ = {
			isa = PBXGroup;
			children = (
				22F464872DD514D2009D7625 /* Config.swift */,
			);
			path = Utils;
			sourceTree = "<group>";
		};
		22A8BD7D2DD3AF5600F5920D = {
			isa = PBXGroup;
			children = (
				22A8BD882DD3AF5600F5920D /* Sports */,
				22A8BD872DD3AF5600F5920D /* Products */,
			);
			sourceTree = "<group>";
		};
		22A8BD872DD3AF5600F5920D /* Products */ = {
			isa = PBXGroup;
			children = (
				22A8BD862DD3AF5600F5920D /* Sports.app */,
			);
			name = Products;
			sourceTree = "<group>";
		};
		22A8BD882DD3AF5600F5920D /* Sports */ = {
			isa = PBXGroup;
			children = (
				22A7A35B2DDA5500006DEAC5 /* Utils */,
				22F464852DD5123C009D7625 /* View */,
				22F464842DD51230009D7625 /* Model */,
				22A8BD892DD3AF5600F5920D /* AppDelegate.swift */,
				22A8BD8B2DD3AF5600F5920D /* SceneDelegate.swift */,
				22A8BD952DD3AF5700F5920D /* Assets.xcassets */,
				22A8BD972DD3AF5700F5920D /* LaunchScreen.storyboard */,
				22ED396D2DD63BDC00EB0564 /* Main.storyboard */,
				22A8BD9A2DD3AF5700F5920D /* Info.plist */,
			);
			path = Sports;
			sourceTree = "<group>";
		};
		22F464842DD51230009D7625 /* Model */ = {
			isa = PBXGroup;
			children = (
				22A7A33B2DDA38D1006DEAC5 /* DB */,
				22F4649E2DD52ABC009D7625 /* Services */,
				22F464982DD52593009D7625 /* Models */,
			);
			path = Model;
			sourceTree = "<group>";
		};
		22F464852DD5123C009D7625 /* View */ = {
			isa = PBXGroup;
			children = (
				22FF790E2DDE2C440069AFA0 /* Splash Screen */,
				22FF78FF2DDE2C200069AFA0 /* OnBoarding Screen- */,
				22A7A3452DDA4967006DEAC5 /* Favourite Leagues */,
				221C0C232DD8D96D004CC766 /* PlayersScreen */,
				2218C5D02DD68E2A009B3FC4 /* SportsScreen */,
				22ED396F2DD6483A00EB0564 /* ViewController.swift */,
				22F464A72DD55A2B009D7625 /* DetailsLeagues */,
				22F464A22DD555D8009D7625 /* AllLeagues */,
			);
			path = View;
			sourceTree = "<group>";
		};
		22F464862DD51244009D7625 /* Presenter */ = {
			isa = PBXGroup;
			children = (
				22F464962DD52553009D7625 /* LeaguesPresenter.swift */,
			);
			path = Presenter;
			sourceTree = "<group>";
		};
		22F464982DD52593009D7625 /* Models */ = {
			isa = PBXGroup;
			children = (
				22F464992DD525D5009D7625 /* Leagues.swift */,
				22F4649B2DD52613009D7625 /* LeaguesResponse.swift */,
				22A7A3392DDA3852006DEAC5 /* FavouriteLeagues.swift */,
			);
			path = Models;
			sourceTree = "<group>";
		};
		22F4649E2DD52ABC009D7625 /* Services */ = {
			isa = PBXGroup;
			children = (
				22F4649F2DD52BAA009D7625 /* Network.swift */,
				22C3C2CB2DDF9D4B00789A1E /* NetworkProtocol.swift */,
			);
			path = Services;
			sourceTree = "<group>";
		};
		22F464A22DD555D8009D7625 /* AllLeagues */ = {
			isa = PBXGroup;
			children = (
				22F464862DD51244009D7625 /* Presenter */,
				2284106C2DD7A4DA00003DC4 /* View */,
			);
			path = AllLeagues;
			sourceTree = "<group>";
		};
		22F464A72DD55A2B009D7625 /* DetailsLeagues */ = {
			isa = PBXGroup;
			children = (
				228410702DD7A86700003DC4 /* Model */,
				2284106D2DD7A63500003DC4 /* Presenter */,
				2284106B2DD7A4B700003DC4 /* View */,
			);
			path = DetailsLeagues;
			sourceTree = "<group>";
		};
		22FF78FF2DDE2C200069AFA0 /* OnBoarding Screen- */ = {
			isa = PBXGroup;
			children = (
				22FF79062DDE2C300069AFA0 /* OnBoardingContainerViewController.swift */,
				22FF79052DDE2C300069AFA0 /* onBoardingScreenOne.swift */,
				22FF79022DDE2C2F0069AFA0 /* onBoardingScreenOne.xib */,
				22FF79032DDE2C300069AFA0 /* onBoardingScreenThree.swift */,
				22FF79042DDE2C300069AFA0 /* onBoardingScreenThree.xib */,
				22FF79012DDE2C2F0069AFA0 /* onBoardingScreenTwo.swift */,
				22FF79002DDE2C2F0069AFA0 /* onBoardingScreenTwo.xib */,
			);
			path = "OnBoarding Screen-";
			sourceTree = "<group>";
		};
		22FF790E2DDE2C440069AFA0 /* Splash Screen */ = {
			isa = PBXGroup;
			children = (
				22FF79102DDE2C620069AFA0 /* Animation.json */,
				22FF79112DDE2C630069AFA0 /* SplashScreenViewController.swift */,
				22FF790F2DDE2C620069AFA0 /* SplashScreenViewController.xib */,
			);
			path = "Splash Screen";
			sourceTree = "<group>";
		};
/* End PBXGroup section */

/* Begin PBXNativeTarget section */
		22A8BD852DD3AF5600F5920D /* Sports */ = {
			isa = PBXNativeTarget;
			buildConfigurationList = 22A8BD9D2DD3AF5700F5920D /* Build configuration list for PBXNativeTarget "Sports" */;
			buildPhases = (
				22A8BD822DD3AF5600F5920D /* Sources */,
				22A8BD832DD3AF5600F5920D /* Frameworks */,
				22A8BD842DD3AF5600F5920D /* Resources */,
			);
			buildRules = (
			);
			dependencies = (
			);
			name = Sports;
			packageProductDependencies = (
				22F464922DD5244D009D7625 /* Alamofire */,
				22F464942DD5244D009D7625 /* AlamofireDynamic */,
				22ED397C2DD6758900EB0564 /* SDWebImage */,
				22ED397E2DD6758900EB0564 /* SDWebImageMapKit */,
				222213D92DDA6BD200BA0B35 /* Reachability */,
				22FF79162DDE2D3A0069AFA0 /* Lottie */,
			);
			productName = Sports;
			productReference = 22A8BD862DD3AF5600F5920D /* Sports.app */;
			productType = "com.apple.product-type.application";
		};
/* End PBXNativeTarget section */

/* Begin PBXProject section */
		22A8BD7E2DD3AF5600F5920D /* Project object */ = {
			isa = PBXProject;
			attributes = {
				BuildIndependentTargetsInParallel = 1;
				LastSwiftUpdateCheck = 1500;
				LastUpgradeCheck = 1500;
				TargetAttributes = {
					22A8BD852DD3AF5600F5920D = {
						CreatedOnToolsVersion = 15.0;
					};
				};
			};
			buildConfigurationList = 22A8BD812DD3AF5600F5920D /* Build configuration list for PBXProject "Sports" */;
			compatibilityVersion = "Xcode 14.0";
			developmentRegion = en;
			hasScannedForEncodings = 0;
			knownRegions = (
				en,
				Base,
			);
			mainGroup = 22A8BD7D2DD3AF5600F5920D;
			packageReferences = (
				22F464912DD5244D009D7625 /* XCRemoteSwiftPackageReference "Alamofire" */,
				22ED397B2DD6758900EB0564 /* XCRemoteSwiftPackageReference "SDWebImage" */,
				222213D82DDA6BD200BA0B35 /* XCRemoteSwiftPackageReference "Reachability" */,
				22FF79152DDE2D3A0069AFA0 /* XCRemoteSwiftPackageReference "lottie-spm" */,
			);
			productRefGroup = 22A8BD872DD3AF5600F5920D /* Products */;
			projectDirPath = "";
			projectRoot = "";
			targets = (
				22A8BD852DD3AF5600F5920D /* Sports */,
			);
		};
/* End PBXProject section */

/* Begin PBXResourcesBuildPhase section */
		22A8BD842DD3AF5600F5920D /* Resources */ = {
			isa = PBXResourcesBuildPhase;
			buildActionMask = 2147483647;
			files = (
				22F464A62DD55635009D7625 /* LeaguesViewCell.xib in Resources */,
				221C0C2E2DD8D9A3004CC766 /* PlayersScreenViewController.xib in Resources */,
				22FF79132DDE2C630069AFA0 /* Animation.json in Resources */,
				22FF79092DDE2C300069AFA0 /* onBoardingScreenOne.xib in Resources */,
				22FF79122DDE2C630069AFA0 /* SplashScreenViewController.xib in Resources */,
				2218C5D52DD68E67009B3FC4 /* SportsViewController.xib in Resources */,
				22A8BD992DD3AF5700F5920D /* LaunchScreen.storyboard in Resources */,
				228410652DD7A4B100003DC4 /* TeamsCollectionViewCell.xib in Resources */,
				221265102DDBBA4800FA5D5D /* HeaderCollectionReusableView.xib in Resources */,
				22A7A34F2DDA49DA006DEAC5 /* FavouritesTableViewCell.xib in Resources */,
				228410682DD7A4B100003DC4 /* EventsViewController.xib in Resources */,
				22ED396E2DD63BDC00EB0564 /* Main.storyboard in Resources */,
				22FF79072DDE2C300069AFA0 /* onBoardingScreenTwo.xib in Resources */,
				22FF790B2DDE2C300069AFA0 /* onBoardingScreenThree.xib in Resources */,
				2218C5D62DD68E67009B3FC4 /* SportCollectionViewCell.xib in Resources */,
				22A8BD962DD3AF5700F5920D /* Assets.xcassets in Resources */,
				22ED396C2DD6310400EB0564 /* LeaguesViewController.xib in Resources */,
				221C0C322DD8D9A3004CC766 /* PlayersStaticCell.xib in Resources */,
				228410672DD7A4B100003DC4 /* EventCollectionViewCell.xib in Resources */,
				22A7A3572DDA4C19006DEAC5 /* FavTableViewController.xib in Resources */,
			);
			runOnlyForDeploymentPostprocessing = 0;
		};
/* End PBXResourcesBuildPhase section */

/* Begin PBXSourcesBuildPhase section */
		22A8BD822DD3AF5600F5920D /* Sources */ = {
			isa = PBXSourcesBuildPhase;
			buildActionMask = 2147483647;
			files = (
				22F4649A2DD525D5009D7625 /* Leagues.swift in Sources */,
				22FF790C2DDE2C300069AFA0 /* onBoardingScreenOne.swift in Sources */,
				22C3C2CC2DDF9D4B00789A1E /* NetworkProtocol.swift in Sources */,
				22FF79142DDE2C630069AFA0 /* SplashScreenViewController.swift in Sources */,
				2284106A2DD7A4B100003DC4 /* EventCollectionViewCell.swift in Sources */,
				22A8BD8A2DD3AF5600F5920D /* AppDelegate.swift in Sources */,
				22A8BD942DD3AF5600F5920D /* Sports.xcdatamodeld in Sources */,
				22ED396B2DD6310400EB0564 /* LeaguesViewController.swift in Sources */,
				22A8BD8C2DD3AF5600F5920D /* SceneDelegate.swift in Sources */,
				221C0C3C2DD8DB29004CC766 /* TeamDetails.swift in Sources */,
				221C0C372DD8DA05004CC766 /* TeamDetailsPresenter.swift in Sources */,
				22F464A02DD52BAA009D7625 /* Network.swift in Sources */,
				22FF790D2DDE2C300069AFA0 /* OnBoardingContainerViewController.swift in Sources */,
				22ED39702DD6483A00EB0564 /* ViewController.swift in Sources */,
				22E7F9752DDC66DE00ACAA21 /* LeagueTeamsResponse.swift in Sources */,
				221C0C402DD8DDD9004CC766 /* Player.swift in Sources */,
				22A7A33A2DDA3852006DEAC5 /* FavouriteLeagues.swift in Sources */,
				228410762DD7CEBC00003DC4 /* Team.swift in Sources */,
				221C0C342DD8D9A3004CC766 /* PlayersStaticCell.swift in Sources */,
				22F4649C2DD52613009D7625 /* LeaguesResponse.swift in Sources */,
				22F464882DD514D2009D7625 /* Config.swift in Sources */,
				228410722DD7A87A00003DC4 /* Event.swift in Sources */,
				228410692DD7A4B100003DC4 /* TeamsCollectionViewCell.swift in Sources */,
				2218C5D82DD68E67009B3FC4 /* SportCollectionViewCell.swift in Sources */,
				22F464972DD52553009D7625 /* LeaguesPresenter.swift in Sources */,
				22FF790A2DDE2C300069AFA0 /* onBoardingScreenThree.swift in Sources */,
				221C0C3E2DD8DD66004CC766 /* Coach.swift in Sources */,
				228410742DD7ABA600003DC4 /* EventRespose.swift in Sources */,
				2284106F2DD7A65B00003DC4 /* LeaguesDetailsPresenter.swift in Sources */,
				22A7A34E2DDA49DA006DEAC5 /* FavouritesTableViewCell.swift in Sources */,
				228410662DD7A4B100003DC4 /* EventsViewController.swift in Sources */,
				22F464A52DD55635009D7625 /* LeaguesViewCell.swift in Sources */,
				2212650F2DDBBA4800FA5D5D /* HeaderCollectionReusableView.swift in Sources */,
				22A7A35A2DDA4CCF006DEAC5 /* FavouritesPresenter.swift in Sources */,
				2218C5D72DD68E67009B3FC4 /* SportsViewController.swift in Sources */,
				22A7A3562DDA4C19006DEAC5 /* FavTableViewController.swift in Sources */,
				221C0C312DD8D9A3004CC766 /* PlayersScreenViewController.swift in Sources */,
				221C0C3A2DD8DADE004CC766 /* TeamResponse.swift in Sources */,
				22FF79082DDE2C300069AFA0 /* onBoardingScreenTwo.swift in Sources */,
				22E7F9772DDC6C0B00ACAA21 /* LeagueTeams.swift in Sources */,
				22A7A33D2DDA38FB006DEAC5 /* FavouritesDB.swift in Sources */,
			);
			runOnlyForDeploymentPostprocessing = 0;
		};
/* End PBXSourcesBuildPhase section */

/* Begin PBXVariantGroup section */
		22A8BD972DD3AF5700F5920D /* LaunchScreen.storyboard */ = {
			isa = PBXVariantGroup;
			children = (
				22A8BD982DD3AF5700F5920D /* Base */,
			);
			name = LaunchScreen.storyboard;
			sourceTree = "<group>";
		};
/* End PBXVariantGroup section */

/* Begin XCBuildConfiguration section */
		22A8BD9B2DD3AF5700F5920D /* Debug */ = {
			isa = XCBuildConfiguration;
			buildSettings = {
				ALWAYS_SEARCH_USER_PATHS = NO;
				ASSETCATALOG_COMPILER_GENERATE_SWIFT_ASSET_SYMBOL_EXTENSIONS = YES;
				CLANG_ANALYZER_NONNULL = YES;
				CLANG_ANALYZER_NUMBER_OBJECT_CONVERSION = YES_AGGRESSIVE;
				CLANG_CXX_LANGUAGE_STANDARD = "gnu++20";
				CLANG_ENABLE_MODULES = YES;
				CLANG_ENABLE_OBJC_ARC = YES;
				CLANG_ENABLE_OBJC_WEAK = YES;
				CLANG_WARN_BLOCK_CAPTURE_AUTORELEASING = YES;
				CLANG_WARN_BOOL_CONVERSION = YES;
				CLANG_WARN_COMMA = YES;
				CLANG_WARN_CONSTANT_CONVERSION = YES;
				CLANG_WARN_DEPRECATED_OBJC_IMPLEMENTATIONS = YES;
				CLANG_WARN_DIRECT_OBJC_ISA_USAGE = YES_ERROR;
				CLANG_WARN_DOCUMENTATION_COMMENTS = YES;
				CLANG_WARN_EMPTY_BODY = YES;
				CLANG_WARN_ENUM_CONVERSION = YES;
				CLANG_WARN_INFINITE_RECURSION = YES;
				CLANG_WARN_INT_CONVERSION = YES;
				CLANG_WARN_NON_LITERAL_NULL_CONVERSION = YES;
				CLANG_WARN_OBJC_IMPLICIT_RETAIN_SELF = YES;
				CLANG_WARN_OBJC_LITERAL_CONVERSION = YES;
				CLANG_WARN_OBJC_ROOT_CLASS = YES_ERROR;
				CLANG_WARN_QUOTED_INCLUDE_IN_FRAMEWORK_HEADER = YES;
				CLANG_WARN_RANGE_LOOP_ANALYSIS = YES;
				CLANG_WARN_STRICT_PROTOTYPES = YES;
				CLANG_WARN_SUSPICIOUS_MOVE = YES;
				CLANG_WARN_UNGUARDED_AVAILABILITY = YES_AGGRESSIVE;
				CLANG_WARN_UNREACHABLE_CODE = YES;
				CLANG_WARN__DUPLICATE_METHOD_MATCH = YES;
				COPY_PHASE_STRIP = NO;
				DEBUG_INFORMATION_FORMAT = dwarf;
				ENABLE_STRICT_OBJC_MSGSEND = YES;
				ENABLE_TESTABILITY = YES;
				ENABLE_USER_SCRIPT_SANDBOXING = YES;
				GCC_C_LANGUAGE_STANDARD = gnu17;
				GCC_DYNAMIC_NO_PIC = NO;
				GCC_NO_COMMON_BLOCKS = YES;
				GCC_OPTIMIZATION_LEVEL = 0;
				GCC_PREPROCESSOR_DEFINITIONS = (
					"DEBUG=1",
					"$(inherited)",
				);
				GCC_WARN_64_TO_32_BIT_CONVERSION = YES;
				GCC_WARN_ABOUT_RETURN_TYPE = YES_ERROR;
				GCC_WARN_UNDECLARED_SELECTOR = YES;
				GCC_WARN_UNINITIALIZED_AUTOS = YES_AGGRESSIVE;
				GCC_WARN_UNUSED_FUNCTION = YES;
				GCC_WARN_UNUSED_VARIABLE = YES;
				IPHONEOS_DEPLOYMENT_TARGET = 17.0;
				LOCALIZATION_PREFERS_STRING_CATALOGS = YES;
				MTL_ENABLE_DEBUG_INFO = INCLUDE_SOURCE;
				MTL_FAST_MATH = YES;
				ONLY_ACTIVE_ARCH = YES;
				SDKROOT = iphoneos;
				SWIFT_ACTIVE_COMPILATION_CONDITIONS = "DEBUG $(inherited)";
				SWIFT_OPTIMIZATION_LEVEL = "-Onone";
			};
			name = Debug;
		};
		22A8BD9C2DD3AF5700F5920D /* Release */ = {
			isa = XCBuildConfiguration;
			buildSettings = {
				ALWAYS_SEARCH_USER_PATHS = NO;
				ASSETCATALOG_COMPILER_GENERATE_SWIFT_ASSET_SYMBOL_EXTENSIONS = YES;
				CLANG_ANALYZER_NONNULL = YES;
				CLANG_ANALYZER_NUMBER_OBJECT_CONVERSION = YES_AGGRESSIVE;
				CLANG_CXX_LANGUAGE_STANDARD = "gnu++20";
				CLANG_ENABLE_MODULES = YES;
				CLANG_ENABLE_OBJC_ARC = YES;
				CLANG_ENABLE_OBJC_WEAK = YES;
				CLANG_WARN_BLOCK_CAPTURE_AUTORELEASING = YES;
				CLANG_WARN_BOOL_CONVERSION = YES;
				CLANG_WARN_COMMA = YES;
				CLANG_WARN_CONSTANT_CONVERSION = YES;
				CLANG_WARN_DEPRECATED_OBJC_IMPLEMENTATIONS = YES;
				CLANG_WARN_DIRECT_OBJC_ISA_USAGE = YES_ERROR;
				CLANG_WARN_DOCUMENTATION_COMMENTS = YES;
				CLANG_WARN_EMPTY_BODY = YES;
				CLANG_WARN_ENUM_CONVERSION = YES;
				CLANG_WARN_INFINITE_RECURSION = YES;
				CLANG_WARN_INT_CONVERSION = YES;
				CLANG_WARN_NON_LITERAL_NULL_CONVERSION = YES;
				CLANG_WARN_OBJC_IMPLICIT_RETAIN_SELF = YES;
				CLANG_WARN_OBJC_LITERAL_CONVERSION = YES;
				CLANG_WARN_OBJC_ROOT_CLASS = YES_ERROR;
				CLANG_WARN_QUOTED_INCLUDE_IN_FRAMEWORK_HEADER = YES;
				CLANG_WARN_RANGE_LOOP_ANALYSIS = YES;
				CLANG_WARN_STRICT_PROTOTYPES = YES;
				CLANG_WARN_SUSPICIOUS_MOVE = YES;
				CLANG_WARN_UNGUARDED_AVAILABILITY = YES_AGGRESSIVE;
				CLANG_WARN_UNREACHABLE_CODE = YES;
				CLANG_WARN__DUPLICATE_METHOD_MATCH = YES;
				COPY_PHASE_STRIP = NO;
				DEBUG_INFORMATION_FORMAT = "dwarf-with-dsym";
				ENABLE_NS_ASSERTIONS = NO;
				ENABLE_STRICT_OBJC_MSGSEND = YES;
				ENABLE_USER_SCRIPT_SANDBOXING = YES;
				GCC_C_LANGUAGE_STANDARD = gnu17;
				GCC_NO_COMMON_BLOCKS = YES;
				GCC_WARN_64_TO_32_BIT_CONVERSION = YES;
				GCC_WARN_ABOUT_RETURN_TYPE = YES_ERROR;
				GCC_WARN_UNDECLARED_SELECTOR = YES;
				GCC_WARN_UNINITIALIZED_AUTOS = YES_AGGRESSIVE;
				GCC_WARN_UNUSED_FUNCTION = YES;
				GCC_WARN_UNUSED_VARIABLE = YES;
				IPHONEOS_DEPLOYMENT_TARGET = 17.0;
				LOCALIZATION_PREFERS_STRING_CATALOGS = YES;
				MTL_ENABLE_DEBUG_INFO = NO;
				MTL_FAST_MATH = YES;
				SDKROOT = iphoneos;
				SWIFT_COMPILATION_MODE = wholemodule;
				VALIDATE_PRODUCT = YES;
			};
			name = Release;
		};
		22A8BD9E2DD3AF5700F5920D /* Debug */ = {
			isa = XCBuildConfiguration;
			buildSettings = {
				ASSETCATALOG_COMPILER_APPICON_NAME = AppIcon;
				ASSETCATALOG_COMPILER_GLOBAL_ACCENT_COLOR_NAME = AccentColor;
				CODE_SIGN_STYLE = Automatic;
				CURRENT_PROJECT_VERSION = 1;
				GENERATE_INFOPLIST_FILE = YES;
				INFOPLIST_FILE = Sports/Info.plist;
				INFOPLIST_KEY_UIApplicationSupportsIndirectInputEvents = YES;
				INFOPLIST_KEY_UILaunchStoryboardName = LaunchScreen;
				INFOPLIST_KEY_UIMainStoryboardFile = Main;
				INFOPLIST_KEY_UISupportedInterfaceOrientations_iPad = "UIInterfaceOrientationPortrait UIInterfaceOrientationPortraitUpsideDown UIInterfaceOrientationLandscapeLeft UIInterfaceOrientationLandscapeRight";
				INFOPLIST_KEY_UISupportedInterfaceOrientations_iPhone = "UIInterfaceOrientationPortrait UIInterfaceOrientationLandscapeLeft UIInterfaceOrientationLandscapeRight";
				LD_RUNPATH_SEARCH_PATHS = (
					"$(inherited)",
					"@executable_path/Frameworks",
				);
				MARKETING_VERSION = 1.0;
				PRODUCT_BUNDLE_IDENTIFIER = ma.Sports;
				PRODUCT_NAME = "$(TARGET_NAME)";
				SWIFT_EMIT_LOC_STRINGS = YES;
				SWIFT_VERSION = 5.0;
				TARGETED_DEVICE_FAMILY = "1,2";
			};
			name = Debug;
		};
		22A8BD9F2DD3AF5700F5920D /* Release */ = {
			isa = XCBuildConfiguration;
			buildSettings = {
				ASSETCATALOG_COMPILER_APPICON_NAME = AppIcon;
				ASSETCATALOG_COMPILER_GLOBAL_ACCENT_COLOR_NAME = AccentColor;
				CODE_SIGN_STYLE = Automatic;
				CURRENT_PROJECT_VERSION = 1;
				GENERATE_INFOPLIST_FILE = YES;
				INFOPLIST_FILE = Sports/Info.plist;
				INFOPLIST_KEY_UIApplicationSupportsIndirectInputEvents = YES;
				INFOPLIST_KEY_UILaunchStoryboardName = LaunchScreen;
				INFOPLIST_KEY_UIMainStoryboardFile = Main;
				INFOPLIST_KEY_UISupportedInterfaceOrientations_iPad = "UIInterfaceOrientationPortrait UIInterfaceOrientationPortraitUpsideDown UIInterfaceOrientationLandscapeLeft UIInterfaceOrientationLandscapeRight";
				INFOPLIST_KEY_UISupportedInterfaceOrientations_iPhone = "UIInterfaceOrientationPortrait UIInterfaceOrientationLandscapeLeft UIInterfaceOrientationLandscapeRight";
				LD_RUNPATH_SEARCH_PATHS = (
					"$(inherited)",
					"@executable_path/Frameworks",
				);
				MARKETING_VERSION = 1.0;
				PRODUCT_BUNDLE_IDENTIFIER = ma.Sports;
				PRODUCT_NAME = "$(TARGET_NAME)";
				SWIFT_EMIT_LOC_STRINGS = YES;
				SWIFT_VERSION = 5.0;
				TARGETED_DEVICE_FAMILY = "1,2";
			};
			name = Release;
		};
/* End XCBuildConfiguration section */

/* Begin XCConfigurationList section */
		22A8BD812DD3AF5600F5920D /* Build configuration list for PBXProject "Sports" */ = {
			isa = XCConfigurationList;
			buildConfigurations = (
				22A8BD9B2DD3AF5700F5920D /* Debug */,
				22A8BD9C2DD3AF5700F5920D /* Release */,
			);
			defaultConfigurationIsVisible = 0;
			defaultConfigurationName = Release;
		};
		22A8BD9D2DD3AF5700F5920D /* Build configuration list for PBXNativeTarget "Sports" */ = {
			isa = XCConfigurationList;
			buildConfigurations = (
				22A8BD9E2DD3AF5700F5920D /* Debug */,
				22A8BD9F2DD3AF5700F5920D /* Release */,
			);
			defaultConfigurationIsVisible = 0;
			defaultConfigurationName = Release;
		};
/* End XCConfigurationList section */

/* Begin XCRemoteSwiftPackageReference section */
		222213D82DDA6BD200BA0B35 /* XCRemoteSwiftPackageReference "Reachability" */ = {
			isa = XCRemoteSwiftPackageReference;
			repositoryURL = "https://github.com/ashleymills/Reachability.swift";
			requirement = {
				branch = master;
				kind = branch;
			};
		};
		22ED397B2DD6758900EB0564 /* XCRemoteSwiftPackageReference "SDWebImage" */ = {
			isa = XCRemoteSwiftPackageReference;
			repositoryURL = "https://github.com/SDWebImage/SDWebImage.git";
			requirement = {
				kind = upToNextMajorVersion;
				minimumVersion = 5.21.0;
			};
		};
		22F464912DD5244D009D7625 /* XCRemoteSwiftPackageReference "Alamofire" */ = {
			isa = XCRemoteSwiftPackageReference;
			repositoryURL = "https://github.com/Alamofire/Alamofire.git";
			requirement = {
				kind = upToNextMajorVersion;
				minimumVersion = 5.10.2;
			};
		};
		22FF79152DDE2D3A0069AFA0 /* XCRemoteSwiftPackageReference "lottie-spm" */ = {
			isa = XCRemoteSwiftPackageReference;
			repositoryURL = "https://github.com/airbnb/lottie-spm.git";
			requirement = {
				kind = upToNextMajorVersion;
				minimumVersion = 4.5.1;
			};
		};
/* End XCRemoteSwiftPackageReference section */

/* Begin XCSwiftPackageProductDependency section */
		222213D92DDA6BD200BA0B35 /* Reachability */ = {
			isa = XCSwiftPackageProductDependency;
			package = 222213D82DDA6BD200BA0B35 /* XCRemoteSwiftPackageReference "Reachability" */;
			productName = Reachability;
		};
		22ED397C2DD6758900EB0564 /* SDWebImage */ = {
			isa = XCSwiftPackageProductDependency;
			package = 22ED397B2DD6758900EB0564 /* XCRemoteSwiftPackageReference "SDWebImage" */;
			productName = SDWebImage;
		};
		22ED397E2DD6758900EB0564 /* SDWebImageMapKit */ = {
			isa = XCSwiftPackageProductDependency;
			package = 22ED397B2DD6758900EB0564 /* XCRemoteSwiftPackageReference "SDWebImage" */;
			productName = SDWebImageMapKit;
		};
		22F464922DD5244D009D7625 /* Alamofire */ = {
			isa = XCSwiftPackageProductDependency;
			package = 22F464912DD5244D009D7625 /* XCRemoteSwiftPackageReference "Alamofire" */;
			productName = Alamofire;
		};
		22F464942DD5244D009D7625 /* AlamofireDynamic */ = {
			isa = XCSwiftPackageProductDependency;
			package = 22F464912DD5244D009D7625 /* XCRemoteSwiftPackageReference "Alamofire" */;
			productName = AlamofireDynamic;
		};
		22FF79162DDE2D3A0069AFA0 /* Lottie */ = {
			isa = XCSwiftPackageProductDependency;
			package = 22FF79152DDE2D3A0069AFA0 /* XCRemoteSwiftPackageReference "lottie-spm" */;
			productName = Lottie;
		};
/* End XCSwiftPackageProductDependency section */

/* Begin XCVersionGroup section */
		22A8BD922DD3AF5600F5920D /* Sports.xcdatamodeld */ = {
			isa = XCVersionGroup;
			children = (
				22A8BD932DD3AF5600F5920D /* Sports.xcdatamodel */,
			);
			currentVersion = 22A8BD932DD3AF5600F5920D /* Sports.xcdatamodel */;
			path = Sports.xcdatamodeld;
			sourceTree = "<group>";
			versionGroupType = wrapper.xcdatamodel;
		};
/* End XCVersionGroup section */
	};
	rootObject = 22A8BD7E2DD3AF5600F5920D /* Project object */;
}
