// !$*UTF8*$!
{
	archiveVersion = 1;
	classes = {
	};
	objectVersion = 56;
	objects = {

/* Begin PBXBuildFile section */
		22A8BD8A2DD3AF5600F5920D /* AppDelegate.swift in Sources */ = {isa = PBXBuildFile; fileRef = 22A8BD892DD3AF5600F5920D /* AppDelegate.swift */; };
		22A8BD8C2DD3AF5600F5920D /* SceneDelegate.swift in Sources */ = {isa = PBXBuildFile; fileRef = 22A8BD8B2DD3AF5600F5920D /* SceneDelegate.swift */; };
		22A8BD942DD3AF5600F5920D /* Sports.xcdatamodeld in Sources */ = {isa = PBXBuildFile; fileRef = 22A8BD922DD3AF5600F5920D /* Sports.xcdatamodeld */; };
		22A8BD962DD3AF5700F5920D /* Assets.xcassets in Resources */ = {isa = PBXBuildFile; fileRef = 22A8BD952DD3AF5700F5920D /* Assets.xcassets */; };
		22A8BD992DD3AF5700F5920D /* LaunchScreen.storyboard in Resources */ = {isa = PBXBuildFile; fileRef = 22A8BD972DD3AF5700F5920D /* LaunchScreen.storyboard */; };
		22ED396B2DD6310400EB0564 /* LeaguesViewController.swift in Sources */ = {isa = PBXBuildFile; fileRef = 22ED39692DD6310400EB0564 /* LeaguesViewController.swift */; };
		22ED396C2DD6310400EB0564 /* LeaguesViewController.xib in Resources */ = {isa = PBXBuildFile; fileRef = 22ED396A2DD6310400EB0564 /* LeaguesViewController.xib */; };
		22ED396E2DD63BDC00EB0564 /* Main.storyboard in Resources */ = {isa = PBXBuildFile; fileRef = 22ED396D2DD63BDC00EB0564 /* Main.storyboard */; };
		22ED39702DD6483A00EB0564 /* ViewController.swift in Sources */ = {isa = PBXBuildFile; fileRef = 22ED396F2DD6483A00EB0564 /* ViewController.swift */; };
		22ED397D2DD6758900EB0564 /* SDWebImage in Frameworks */ = {isa = PBXBuildFile; productRef = 22ED397C2DD6758900EB0564 /* SDWebImage */; };
		22ED397F2DD6758900EB0564 /* SDWebImageMapKit in Frameworks */ = {isa = PBXBuildFile; productRef = 22ED397E2DD6758900EB0564 /* SDWebImageMapKit */; };
		22ED39812DD678C600EB0564 /* Europa_League_2021.svg.png in Resources */ = {isa = PBXBuildFile; fileRef = 22ED39802DD678C600EB0564 /* Europa_League_2021.svg.png */; };
		22F464882DD514D2009D7625 /* Config.swift in Sources */ = {isa = PBXBuildFile; fileRef = 22F464872DD514D2009D7625 /* Config.swift */; };
		22F464932DD5244D009D7625 /* Alamofire in Frameworks */ = {isa = PBXBuildFile; productRef = 22F464922DD5244D009D7625 /* Alamofire */; };
		22F464952DD5244D009D7625 /* AlamofireDynamic in Frameworks */ = {isa = PBXBuildFile; productRef = 22F464942DD5244D009D7625 /* AlamofireDynamic */; };
		22F464972DD52553009D7625 /* LeaguesPresenter.swift in Sources */ = {isa = PBXBuildFile; fileRef = 22F464962DD52553009D7625 /* LeaguesPresenter.swift */; };
		22F4649A2DD525D5009D7625 /* Leagues.swift in Sources */ = {isa = PBXBuildFile; fileRef = 22F464992DD525D5009D7625 /* Leagues.swift */; };
		22F4649C2DD52613009D7625 /* LeaguesResponse.swift in Sources */ = {isa = PBXBuildFile; fileRef = 22F4649B2DD52613009D7625 /* LeaguesResponse.swift */; };
		22F464A02DD52BAA009D7625 /* Network.swift in Sources */ = {isa = PBXBuildFile; fileRef = 22F4649F2DD52BAA009D7625 /* Network.swift */; };
		22F464A52DD55635009D7625 /* LeaguesViewCell.swift in Sources */ = {isa = PBXBuildFile; fileRef = 22F464A32DD55635009D7625 /* LeaguesViewCell.swift */; };
		22F464A62DD55635009D7625 /* LeaguesViewCell.xib in Resources */ = {isa = PBXBuildFile; fileRef = 22F464A42DD55635009D7625 /* LeaguesViewCell.xib */; };
		22F464AA2DD55A63009D7625 /* DetailsLeaguesViewController.swift in Sources */ = {isa = PBXBuildFile; fileRef = 22F464A82DD55A63009D7625 /* DetailsLeaguesViewController.swift */; };
		22F464AB2DD55A63009D7625 /* DetailsLeaguesViewController.xib in Resources */ = {isa = PBXBuildFile; fileRef = 22F464A92DD55A63009D7625 /* DetailsLeaguesViewController.xib */; };
/* End PBXBuildFile section */

/* Begin PBXFileReference section */
		22A8BD862DD3AF5600F5920D /* Sports.app */ = {isa = PBXFileReference; explicitFileType = wrapper.application; includeInIndex = 0; path = Sports.app; sourceTree = BUILT_PRODUCTS_DIR; };
		22A8BD892DD3AF5600F5920D /* AppDelegate.swift */ = {isa = PBXFileReference; lastKnownFileType = sourcecode.swift; path = AppDelegate.swift; sourceTree = "<group>"; };
		22A8BD8B2DD3AF5600F5920D /* SceneDelegate.swift */ = {isa = PBXFileReference; lastKnownFileType = sourcecode.swift; path = SceneDelegate.swift; sourceTree = "<group>"; };
		22A8BD932DD3AF5600F5920D /* Sports.xcdatamodel */ = {isa = PBXFileReference; lastKnownFileType = wrapper.xcdatamodel; path = Sports.xcdatamodel; sourceTree = "<group>"; };
		22A8BD952DD3AF5700F5920D /* Assets.xcassets */ = {isa = PBXFileReference; lastKnownFileType = folder.assetcatalog; path = Assets.xcassets; sourceTree = "<group>"; };
		22A8BD982DD3AF5700F5920D /* Base */ = {isa = PBXFileReference; lastKnownFileType = file.storyboard; name = Base; path = Base.lproj/LaunchScreen.storyboard; sourceTree = "<group>"; };
		22A8BD9A2DD3AF5700F5920D /* Info.plist */ = {isa = PBXFileReference; lastKnownFileType = text.plist.xml; path = Info.plist; sourceTree = "<group>"; };
		22ED39692DD6310400EB0564 /* LeaguesViewController.swift */ = {isa = PBXFileReference; fileEncoding = 4; lastKnownFileType = sourcecode.swift; path = LeaguesViewController.swift; sourceTree = "<group>"; };
		22ED396A2DD6310400EB0564 /* LeaguesViewController.xib */ = {isa = PBXFileReference; fileEncoding = 4; lastKnownFileType = file.xib; path = LeaguesViewController.xib; sourceTree = "<group>"; };
		22ED396D2DD63BDC00EB0564 /* Main.storyboard */ = {isa = PBXFileReference; fileEncoding = 4; lastKnownFileType = file.storyboard; path = Main.storyboard; sourceTree = "<group>"; };
		22ED396F2DD6483A00EB0564 /* ViewController.swift */ = {isa = PBXFileReference; lastKnownFileType = sourcecode.swift; path = ViewController.swift; sourceTree = "<group>"; };
		22ED39802DD678C600EB0564 /* Europa_League_2021.svg.png */ = {isa = PBXFileReference; lastKnownFileType = image.png; path = Europa_League_2021.svg.png; sourceTree = "<group>"; };
		22F464872DD514D2009D7625 /* Config.swift */ = {isa = PBXFileReference; lastKnownFileType = sourcecode.swift; path = Config.swift; sourceTree = "<group>"; };
		22F464962DD52553009D7625 /* LeaguesPresenter.swift */ = {isa = PBXFileReference; lastKnownFileType = sourcecode.swift; path = LeaguesPresenter.swift; sourceTree = "<group>"; };
		22F464992DD525D5009D7625 /* Leagues.swift */ = {isa = PBXFileReference; lastKnownFileType = sourcecode.swift; path = Leagues.swift; sourceTree = "<group>"; };
		22F4649B2DD52613009D7625 /* LeaguesResponse.swift */ = {isa = PBXFileReference; lastKnownFileType = sourcecode.swift; path = LeaguesResponse.swift; sourceTree = "<group>"; };
		22F4649F2DD52BAA009D7625 /* Network.swift */ = {isa = PBXFileReference; lastKnownFileType = sourcecode.swift; path = Network.swift; sourceTree = "<group>"; };
		22F464A32DD55635009D7625 /* LeaguesViewCell.swift */ = {isa = PBXFileReference; lastKnownFileType = sourcecode.swift; path = LeaguesViewCell.swift; sourceTree = "<group>"; };
		22F464A42DD55635009D7625 /* LeaguesViewCell.xib */ = {isa = PBXFileReference; lastKnownFileType = file.xib; path = LeaguesViewCell.xib; sourceTree = "<group>"; };
		22F464A82DD55A63009D7625 /* DetailsLeaguesViewController.swift */ = {isa = PBXFileReference; lastKnownFileType = sourcecode.swift; path = DetailsLeaguesViewController.swift; sourceTree = "<group>"; };
		22F464A92DD55A63009D7625 /* DetailsLeaguesViewController.xib */ = {isa = PBXFileReference; lastKnownFileType = file.xib; path = DetailsLeaguesViewController.xib; sourceTree = "<group>"; };
/* End PBXFileReference section */

/* Begin PBXFrameworksBuildPhase section */
		22A8BD832DD3AF5600F5920D /* Frameworks */ = {
			isa = PBXFrameworksBuildPhase;
			buildActionMask = 2147483647;
			files = (
				22ED397D2DD6758900EB0564 /* SDWebImage in Frameworks */,
				22F464932DD5244D009D7625 /* Alamofire in Frameworks */,
				22ED397F2DD6758900EB0564 /* SDWebImageMapKit in Frameworks */,
				22F464952DD5244D009D7625 /* AlamofireDynamic in Frameworks */,
			);
			runOnlyForDeploymentPostprocessing = 0;
		};
/* End PBXFrameworksBuildPhase section */

/* Begin PBXGroup section */
		22A8BD7D2DD3AF5600F5920D = {
			isa = PBXGroup;
			children = (
				22A8BD882DD3AF5600F5920D /* Sports */,
				22A8BD872DD3AF5600F5920D /* Products */,
			);
			sourceTree = "<group>";
		};
		22A8BD872DD3AF5600F5920D /* Products */ = {
			isa = PBXGroup;
			children = (
				22A8BD862DD3AF5600F5920D /* Sports.app */,
			);
			name = Products;
			sourceTree = "<group>";
		};
		22A8BD882DD3AF5600F5920D /* Sports */ = {
			isa = PBXGroup;
			children = (
				22F464862DD51244009D7625 /* Presenter */,
				22F464852DD5123C009D7625 /* View */,
				22F464842DD51230009D7625 /* Model */,
				22A8BD892DD3AF5600F5920D /* AppDelegate.swift */,
				22A8BD8B2DD3AF5600F5920D /* SceneDelegate.swift */,
				22A8BD952DD3AF5700F5920D /* Assets.xcassets */,
				22ED39802DD678C600EB0564 /* Europa_League_2021.svg.png */,
				22A8BD972DD3AF5700F5920D /* LaunchScreen.storyboard */,
				22ED396D2DD63BDC00EB0564 /* Main.storyboard */,
				22A8BD9A2DD3AF5700F5920D /* Info.plist */,
				22A8BD922DD3AF5600F5920D /* Sports.xcdatamodeld */,
				22F464872DD514D2009D7625 /* Config.swift */,
			);
			path = Sports;
			sourceTree = "<group>";
		};
		22F464842DD51230009D7625 /* Model */ = {
			isa = PBXGroup;
			children = (
				22F4649E2DD52ABC009D7625 /* Services */,
				22F464982DD52593009D7625 /* Models */,
			);
			path = Model;
			sourceTree = "<group>";
		};
		22F464852DD5123C009D7625 /* View */ = {
			isa = PBXGroup;
			children = (
				22ED396F2DD6483A00EB0564 /* ViewController.swift */,
				22F464A72DD55A2B009D7625 /* DetailsLeagues */,
				22F464A22DD555D8009D7625 /* AllLeagues */,
				22F464A12DD555BF009D7625 /* Cells */,
			);
			path = View;
			sourceTree = "<group>";
		};
		22F464862DD51244009D7625 /* Presenter */ = {
			isa = PBXGroup;
			children = (
				22F464962DD52553009D7625 /* LeaguesPresenter.swift */,
			);
			path = Presenter;
			sourceTree = "<group>";
		};
		22F464982DD52593009D7625 /* Models */ = {
			isa = PBXGroup;
			children = (
				22F464992DD525D5009D7625 /* Leagues.swift */,
				22F4649B2DD52613009D7625 /* LeaguesResponse.swift */,
			);
			path = Models;
			sourceTree = "<group>";
		};
		22F4649E2DD52ABC009D7625 /* Services */ = {
			isa = PBXGroup;
			children = (
				22F4649F2DD52BAA009D7625 /* Network.swift */,
			);
			path = Services;
			sourceTree = "<group>";
		};
		22F464A12DD555BF009D7625 /* Cells */ = {
			isa = PBXGroup;
			children = (
				22F464A32DD55635009D7625 /* LeaguesViewCell.swift */,
				22F464A42DD55635009D7625 /* LeaguesViewCell.xib */,
			);
			path = Cells;
			sourceTree = "<group>";
		};
		22F464A22DD555D8009D7625 /* AllLeagues */ = {
			isa = PBXGroup;
			children = (
				22ED39692DD6310400EB0564 /* LeaguesViewController.swift */,
				22ED396A2DD6310400EB0564 /* LeaguesViewController.xib */,
			);
			path = AllLeagues;
			sourceTree = "<group>";
		};
		22F464A72DD55A2B009D7625 /* DetailsLeagues */ = {
			isa = PBXGroup;
			children = (
				22F464A82DD55A63009D7625 /* DetailsLeaguesViewController.swift */,
				22F464A92DD55A63009D7625 /* DetailsLeaguesViewController.xib */,
			);
			path = DetailsLeagues;
			sourceTree = "<group>";
		};
/* End PBXGroup section */

/* Begin PBXNativeTarget section */
		22A8BD852DD3AF5600F5920D /* Sports */ = {
			isa = PBXNativeTarget;
			buildConfigurationList = 22A8BD9D2DD3AF5700F5920D /* Build configuration list for PBXNativeTarget "Sports" */;
			buildPhases = (
				22A8BD822DD3AF5600F5920D /* Sources */,
				22A8BD832DD3AF5600F5920D /* Frameworks */,
				22A8BD842DD3AF5600F5920D /* Resources */,
			);
			buildRules = (
			);
			dependencies = (
			);
			name = Sports;
			packageProductDependencies = (
				22F464922DD5244D009D7625 /* Alamofire */,
				22F464942DD5244D009D7625 /* AlamofireDynamic */,
				22ED397C2DD6758900EB0564 /* SDWebImage */,
				22ED397E2DD6758900EB0564 /* SDWebImageMapKit */,
			);
			productName = Sports;
			productReference = 22A8BD862DD3AF5600F5920D /* Sports.app */;
			productType = "com.apple.product-type.application";
		};
/* End PBXNativeTarget section */

/* Begin PBXProject section */
		22A8BD7E2DD3AF5600F5920D /* Project object */ = {
			isa = PBXProject;
			attributes = {
				BuildIndependentTargetsInParallel = 1;
				LastSwiftUpdateCheck = 1500;
				LastUpgradeCheck = 1500;
				TargetAttributes = {
					22A8BD852DD3AF5600F5920D = {
						CreatedOnToolsVersion = 15.0;
					};
				};
			};
			buildConfigurationList = 22A8BD812DD3AF5600F5920D /* Build configuration list for PBXProject "Sports" */;
			compatibilityVersion = "Xcode 14.0";
			developmentRegion = en;
			hasScannedForEncodings = 0;
			knownRegions = (
				en,
				Base,
			);
			mainGroup = 22A8BD7D2DD3AF5600F5920D;
			packageReferences = (
				22F464912DD5244D009D7625 /* XCRemoteSwiftPackageReference "Alamofire" */,
				22ED397B2DD6758900EB0564 /* XCRemoteSwiftPackageReference "SDWebImage" */,
			);
			productRefGroup = 22A8BD872DD3AF5600F5920D /* Products */;
			projectDirPath = "";
			projectRoot = "";
			targets = (
				22A8BD852DD3AF5600F5920D /* Sports */,
			);
		};
/* End PBXProject section */

/* Begin PBXResourcesBuildPhase section */
		22A8BD842DD3AF5600F5920D /* Resources */ = {
			isa = PBXResourcesBuildPhase;
			buildActionMask = 2147483647;
			files = (
				22F464AB2DD55A63009D7625 /* DetailsLeaguesViewController.xib in Resources */,
				22F464A62DD55635009D7625 /* LeaguesViewCell.xib in Resources */,
				22ED39812DD678C600EB0564 /* Europa_League_2021.svg.png in Resources */,
				22A8BD992DD3AF5700F5920D /* LaunchScreen.storyboard in Resources */,
				22ED396E2DD63BDC00EB0564 /* Main.storyboard in Resources */,
				22A8BD962DD3AF5700F5920D /* Assets.xcassets in Resources */,
				22ED396C2DD6310400EB0564 /* LeaguesViewController.xib in Resources */,
			);
			runOnlyForDeploymentPostprocessing = 0;
		};
/* End PBXResourcesBuildPhase section */

/* Begin PBXSourcesBuildPhase section */
		22A8BD822DD3AF5600F5920D /* Sources */ = {
			isa = PBXSourcesBuildPhase;
			buildActionMask = 2147483647;
			files = (
				22F4649A2DD525D5009D7625 /* Leagues.swift in Sources */,
				22A8BD8A2DD3AF5600F5920D /* AppDelegate.swift in Sources */,
				22A8BD942DD3AF5600F5920D /* Sports.xcdatamodeld in Sources */,
				22ED396B2DD6310400EB0564 /* LeaguesViewController.swift in Sources */,
				22A8BD8C2DD3AF5600F5920D /* SceneDelegate.swift in Sources */,
				22F464A02DD52BAA009D7625 /* Network.swift in Sources */,
				22ED39702DD6483A00EB0564 /* ViewController.swift in Sources */,
				22F4649C2DD52613009D7625 /* LeaguesResponse.swift in Sources */,
				22F464882DD514D2009D7625 /* Config.swift in Sources */,
				22F464972DD52553009D7625 /* LeaguesPresenter.swift in Sources */,
				22F464A52DD55635009D7625 /* LeaguesViewCell.swift in Sources */,
				22F464AA2DD55A63009D7625 /* DetailsLeaguesViewController.swift in Sources */,
			);
			runOnlyForDeploymentPostprocessing = 0;
		};
/* End PBXSourcesBuildPhase section */

/* Begin PBXVariantGroup section */
		22A8BD972DD3AF5700F5920D /* LaunchScreen.storyboard */ = {
			isa = PBXVariantGroup;
			children = (
				22A8BD982DD3AF5700F5920D /* Base */,
			);
			name = LaunchScreen.storyboard;
			sourceTree = "<group>";
		};
/* End PBXVariantGroup section */

/* Begin XCBuildConfiguration section */
		22A8BD9B2DD3AF5700F5920D /* Debug */ = {
			isa = XCBuildConfiguration;
			buildSettings = {
				ALWAYS_SEARCH_USER_PATHS = NO;
				ASSETCATALOG_COMPILER_GENERATE_SWIFT_ASSET_SYMBOL_EXTENSIONS = YES;
				CLANG_ANALYZER_NONNULL = YES;
				CLANG_ANALYZER_NUMBER_OBJECT_CONVERSION = YES_AGGRESSIVE;
				CLANG_CXX_LANGUAGE_STANDARD = "gnu++20";
				CLANG_ENABLE_MODULES = YES;
				CLANG_ENABLE_OBJC_ARC = YES;
				CLANG_ENABLE_OBJC_WEAK = YES;
				CLANG_WARN_BLOCK_CAPTURE_AUTORELEASING = YES;
				CLANG_WARN_BOOL_CONVERSION = YES;
				CLANG_WARN_COMMA = YES;
				CLANG_WARN_CONSTANT_CONVERSION = YES;
				CLANG_WARN_DEPRECATED_OBJC_IMPLEMENTATIONS = YES;
				CLANG_WARN_DIRECT_OBJC_ISA_USAGE = YES_ERROR;
				CLANG_WARN_DOCUMENTATION_COMMENTS = YES;
				CLANG_WARN_EMPTY_BODY = YES;
				CLANG_WARN_ENUM_CONVERSION = YES;
				CLANG_WARN_INFINITE_RECURSION = YES;
				CLANG_WARN_INT_CONVERSION = YES;
				CLANG_WARN_NON_LITERAL_NULL_CONVERSION = YES;
				CLANG_WARN_OBJC_IMPLICIT_RETAIN_SELF = YES;
				CLANG_WARN_OBJC_LITERAL_CONVERSION = YES;
				CLANG_WARN_OBJC_ROOT_CLASS = YES_ERROR;
				CLANG_WARN_QUOTED_INCLUDE_IN_FRAMEWORK_HEADER = YES;
				CLANG_WARN_RANGE_LOOP_ANALYSIS = YES;
				CLANG_WARN_STRICT_PROTOTYPES = YES;
				CLANG_WARN_SUSPICIOUS_MOVE = YES;
				CLANG_WARN_UNGUARDED_AVAILABILITY = YES_AGGRESSIVE;
				CLANG_WARN_UNREACHABLE_CODE = YES;
				CLANG_WARN__DUPLICATE_METHOD_MATCH = YES;
				COPY_PHASE_STRIP = NO;
				DEBUG_INFORMATION_FORMAT = dwarf;
				ENABLE_STRICT_OBJC_MSGSEND = YES;
				ENABLE_TESTABILITY = YES;
				ENABLE_USER_SCRIPT_SANDBOXING = YES;
				GCC_C_LANGUAGE_STANDARD = gnu17;
				GCC_DYNAMIC_NO_PIC = NO;
				GCC_NO_COMMON_BLOCKS = YES;
				GCC_OPTIMIZATION_LEVEL = 0;
				GCC_PREPROCESSOR_DEFINITIONS = (
					"DEBUG=1",
					"$(inherited)",
				);
				GCC_WARN_64_TO_32_BIT_CONVERSION = YES;
				GCC_WARN_ABOUT_RETURN_TYPE = YES_ERROR;
				GCC_WARN_UNDECLARED_SELECTOR = YES;
				GCC_WARN_UNINITIALIZED_AUTOS = YES_AGGRESSIVE;
				GCC_WARN_UNUSED_FUNCTION = YES;
				GCC_WARN_UNUSED_VARIABLE = YES;
				IPHONEOS_DEPLOYMENT_TARGET = 17.0;
				LOCALIZATION_PREFERS_STRING_CATALOGS = YES;
				MTL_ENABLE_DEBUG_INFO = INCLUDE_SOURCE;
				MTL_FAST_MATH = YES;
				ONLY_ACTIVE_ARCH = YES;
				SDKROOT = iphoneos;
				SWIFT_ACTIVE_COMPILATION_CONDITIONS = "DEBUG $(inherited)";
				SWIFT_OPTIMIZATION_LEVEL = "-Onone";
			};
			name = Debug;
		};
		22A8BD9C2DD3AF5700F5920D /* Release */ = {
			isa = XCBuildConfiguration;
			buildSettings = {
				ALWAYS_SEARCH_USER_PATHS = NO;
				ASSETCATALOG_COMPILER_GENERATE_SWIFT_ASSET_SYMBOL_EXTENSIONS = YES;
				CLANG_ANALYZER_NONNULL = YES;
				CLANG_ANALYZER_NUMBER_OBJECT_CONVERSION = YES_AGGRESSIVE;
				CLANG_CXX_LANGUAGE_STANDARD = "gnu++20";
				CLANG_ENABLE_MODULES = YES;
				CLANG_ENABLE_OBJC_ARC = YES;
				CLANG_ENABLE_OBJC_WEAK = YES;
				CLANG_WARN_BLOCK_CAPTURE_AUTORELEASING = YES;
				CLANG_WARN_BOOL_CONVERSION = YES;
				CLANG_WARN_COMMA = YES;
				CLANG_WARN_CONSTANT_CONVERSION = YES;
				CLANG_WARN_DEPRECATED_OBJC_IMPLEMENTATIONS = YES;
				CLANG_WARN_DIRECT_OBJC_ISA_USAGE = YES_ERROR;
				CLANG_WARN_DOCUMENTATION_COMMENTS = YES;
				CLANG_WARN_EMPTY_BODY = YES;
				CLANG_WARN_ENUM_CONVERSION = YES;
				CLANG_WARN_INFINITE_RECURSION = YES;
				CLANG_WARN_INT_CONVERSION = YES;
				CLANG_WARN_NON_LITERAL_NULL_CONVERSION = YES;
				CLANG_WARN_OBJC_IMPLICIT_RETAIN_SELF = YES;
				CLANG_WARN_OBJC_LITERAL_CONVERSION = YES;
				CLANG_WARN_OBJC_ROOT_CLASS = YES_ERROR;
				CLANG_WARN_QUOTED_INCLUDE_IN_FRAMEWORK_HEADER = YES;
				CLANG_WARN_RANGE_LOOP_ANALYSIS = YES;
				CLANG_WARN_STRICT_PROTOTYPES = YES;
				CLANG_WARN_SUSPICIOUS_MOVE = YES;
				CLANG_WARN_UNGUARDED_AVAILABILITY = YES_AGGRESSIVE;
				CLANG_WARN_UNREACHABLE_CODE = YES;
				CLANG_WARN__DUPLICATE_METHOD_MATCH = YES;
				COPY_PHASE_STRIP = NO;
				DEBUG_INFORMATION_FORMAT = "dwarf-with-dsym";
				ENABLE_NS_ASSERTIONS = NO;
				ENABLE_STRICT_OBJC_MSGSEND = YES;
				ENABLE_USER_SCRIPT_SANDBOXING = YES;
				GCC_C_LANGUAGE_STANDARD = gnu17;
				GCC_NO_COMMON_BLOCKS = YES;
				GCC_WARN_64_TO_32_BIT_CONVERSION = YES;
				GCC_WARN_ABOUT_RETURN_TYPE = YES_ERROR;
				GCC_WARN_UNDECLARED_SELECTOR = YES;
				GCC_WARN_UNINITIALIZED_AUTOS = YES_AGGRESSIVE;
				GCC_WARN_UNUSED_FUNCTION = YES;
				GCC_WARN_UNUSED_VARIABLE = YES;
				IPHONEOS_DEPLOYMENT_TARGET = 17.0;
				LOCALIZATION_PREFERS_STRING_CATALOGS = YES;
				MTL_ENABLE_DEBUG_INFO = NO;
				MTL_FAST_MATH = YES;
				SDKROOT = iphoneos;
				SWIFT_COMPILATION_MODE = wholemodule;
				VALIDATE_PRODUCT = YES;
			};
			name = Release;
		};
		22A8BD9E2DD3AF5700F5920D /* Debug */ = {
			isa = XCBuildConfiguration;
			buildSettings = {
				ASSETCATALOG_COMPILER_APPICON_NAME = AppIcon;
				ASSETCATALOG_COMPILER_GLOBAL_ACCENT_COLOR_NAME = AccentColor;
				CODE_SIGN_STYLE = Automatic;
				CURRENT_PROJECT_VERSION = 1;
				GENERATE_INFOPLIST_FILE = YES;
				INFOPLIST_FILE = Sports/Info.plist;
				INFOPLIST_KEY_UIApplicationSupportsIndirectInputEvents = YES;
				INFOPLIST_KEY_UILaunchStoryboardName = LaunchScreen;
				INFOPLIST_KEY_UIMainStoryboardFile = Main;
				INFOPLIST_KEY_UISupportedInterfaceOrientations_iPad = "UIInterfaceOrientationPortrait UIInterfaceOrientationPortraitUpsideDown UIInterfaceOrientationLandscapeLeft UIInterfaceOrientationLandscapeRight";
				INFOPLIST_KEY_UISupportedInterfaceOrientations_iPhone = "UIInterfaceOrientationPortrait UIInterfaceOrientationLandscapeLeft UIInterfaceOrientationLandscapeRight";
				LD_RUNPATH_SEARCH_PATHS = (
					"$(inherited)",
					"@executable_path/Frameworks",
				);
				MARKETING_VERSION = 1.0;
				PRODUCT_BUNDLE_IDENTIFIER = ma.Sports;
				PRODUCT_NAME = "$(TARGET_NAME)";
				SWIFT_EMIT_LOC_STRINGS = YES;
				SWIFT_VERSION = 5.0;
				TARGETED_DEVICE_FAMILY = "1,2";
			};
			name = Debug;
		};
		22A8BD9F2DD3AF5700F5920D /* Release */ = {
			isa = XCBuildConfiguration;
			buildSettings = {
				ASSETCATALOG_COMPILER_APPICON_NAME = AppIcon;
				ASSETCATALOG_COMPILER_GLOBAL_ACCENT_COLOR_NAME = AccentColor;
				CODE_SIGN_STYLE = Automatic;
				CURRENT_PROJECT_VERSION = 1;
				GENERATE_INFOPLIST_FILE = YES;
				INFOPLIST_FILE = Sports/Info.plist;
				INFOPLIST_KEY_UIApplicationSupportsIndirectInputEvents = YES;
				INFOPLIST_KEY_UILaunchStoryboardName = LaunchScreen;
				INFOPLIST_KEY_UIMainStoryboardFile = Main;
				INFOPLIST_KEY_UISupportedInterfaceOrientations_iPad = "UIInterfaceOrientationPortrait UIInterfaceOrientationPortraitUpsideDown UIInterfaceOrientationLandscapeLeft UIInterfaceOrientationLandscapeRight";
				INFOPLIST_KEY_UISupportedInterfaceOrientations_iPhone = "UIInterfaceOrientationPortrait UIInterfaceOrientationLandscapeLeft UIInterfaceOrientationLandscapeRight";
				LD_RUNPATH_SEARCH_PATHS = (
					"$(inherited)",
					"@executable_path/Frameworks",
				);
				MARKETING_VERSION = 1.0;
				PRODUCT_BUNDLE_IDENTIFIER = ma.Sports;
				PRODUCT_NAME = "$(TARGET_NAME)";
				SWIFT_EMIT_LOC_STRINGS = YES;
				SWIFT_VERSION = 5.0;
				TARGETED_DEVICE_FAMILY = "1,2";
			};
			name = Release;
		};
/* End XCBuildConfiguration section */

/* Begin XCConfigurationList section */
		22A8BD812DD3AF5600F5920D /* Build configuration list for PBXProject "Sports" */ = {
			isa = XCConfigurationList;
			buildConfigurations = (
				22A8BD9B2DD3AF5700F5920D /* Debug */,
				22A8BD9C2DD3AF5700F5920D /* Release */,
			);
			defaultConfigurationIsVisible = 0;
			defaultConfigurationName = Release;
		};
		22A8BD9D2DD3AF5700F5920D /* Build configuration list for PBXNativeTarget "Sports" */ = {
			isa = XCConfigurationList;
			buildConfigurations = (
				22A8BD9E2DD3AF5700F5920D /* Debug */,
				22A8BD9F2DD3AF5700F5920D /* Release */,
			);
			defaultConfigurationIsVisible = 0;
			defaultConfigurationName = Release;
		};
/* End XCConfigurationList section */

/* Begin XCRemoteSwiftPackageReference section */
		22ED397B2DD6758900EB0564 /* XCRemoteSwiftPackageReference "SDWebImage" */ = {
			isa = XCRemoteSwiftPackageReference;
			repositoryURL = "https://github.com/SDWebImage/SDWebImage.git";
			requirement = {
				kind = upToNextMajorVersion;
				minimumVersion = 5.21.0;
			};
		};
		22F464912DD5244D009D7625 /* XCRemoteSwiftPackageReference "Alamofire" */ = {
			isa = XCRemoteSwiftPackageReference;
			repositoryURL = "https://github.com/Alamofire/Alamofire.git";
			requirement = {
				kind = upToNextMajorVersion;
				minimumVersion = 5.10.2;
			};
		};
/* End XCRemoteSwiftPackageReference section */

/* Begin XCSwiftPackageProductDependency section */
		22ED397C2DD6758900EB0564 /* SDWebImage */ = {
			isa = XCSwiftPackageProductDependency;
			package = 22ED397B2DD6758900EB0564 /* XCRemoteSwiftPackageReference "SDWebImage" */;
			productName = SDWebImage;
		};
		22ED397E2DD6758900EB0564 /* SDWebImageMapKit */ = {
			isa = XCSwiftPackageProductDependency;
			package = 22ED397B2DD6758900EB0564 /* XCRemoteSwiftPackageReference "SDWebImage" */;
			productName = SDWebImageMapKit;
		};
		22F464922DD5244D009D7625 /* Alamofire */ = {
			isa = XCSwiftPackageProductDependency;
			package = 22F464912DD5244D009D7625 /* XCRemoteSwiftPackageReference "Alamofire" */;
			productName = Alamofire;
		};
		22F464942DD5244D009D7625 /* AlamofireDynamic */ = {
			isa = XCSwiftPackageProductDependency;
			package = 22F464912DD5244D009D7625 /* XCRemoteSwiftPackageReference "Alamofire" */;
			productName = AlamofireDynamic;
		};
/* End XCSwiftPackageProductDependency section */

/* Begin XCVersionGroup section */
		22A8BD922DD3AF5600F5920D /* Sports.xcdatamodeld */ = {
			isa = XCVersionGroup;
			children = (
				22A8BD932DD3AF5600F5920D /* Sports.xcdatamodel */,
			);
			currentVersion = 22A8BD932DD3AF5600F5920D /* Sports.xcdatamodel */;
			path = Sports.xcdatamodeld;
			sourceTree = "<group>";
			versionGroupType = wrapper.xcdatamodel;
		};
/* End XCVersionGroup section */
	};
	rootObject = 22A8BD7E2DD3AF5600F5920D /* Project object */;
}
